// !$*UTF8*$!
{
	archiveVersion = 1;
	classes = {
	};
	objectVersion = 56;
	objects = {
		0D1AAAF92C73B28900F6E9BA /* PetAdoptionApp.swift */ = {isa = PBXFileReference; lastKnownFileType = sourcecode.swift; path = PetAdoptionApp.swift; sourceTree = "<group>"; };
		0D1AAAFB2C73B28900F6E9BA /* ContentView.swift */ = {isa = PBXFileReference; lastKnownFileType = sourcecode.swift; path = ContentView.swift; sourceTree = "<group>"; };
		0D1AAAFD2C73B28A00F6E9BA /* Assets.xcassets */ = {isa = PBXFileReference; lastKnownFileType = folder.assetcatalog; path = Assets.xcassets; sourceTree = "<group>"; };
	};
	rootObject = 0D1AAAED2C73B28900F6E9BA /* Project object */;
}
